// !$*UTF8*$!
{
	archiveVersion = 1;
	classes = {
	};
	objectVersion = 56;
	objects = {

/* Begin PBXBuildFile section */
		184776D42B3CCB4D00B39B84 /* LocationManager.swift in Sources */ = {isa = PBXBuildFile; fileRef = 184776D32B3CCB4D00B39B84 /* LocationManager.swift */; };
		184776D72B3DE93400B39B84 /* CityManager.swift in Sources */ = {isa = PBXBuildFile; fileRef = 184776D62B3DE93400B39B84 /* CityManager.swift */; };
		184776DA2B3DFBB000B39B84 /* DateFormatter+.swift in Sources */ = {isa = PBXBuildFile; fileRef = 184776D92B3DFBB000B39B84 /* DateFormatter+.swift */; };
		18D003932B39F5A20070743A /* AppDelegate.swift in Sources */ = {isa = PBXBuildFile; fileRef = 18D003922B39F5A20070743A /* AppDelegate.swift */; };
		18D003952B39F5A20070743A /* SceneDelegate.swift in Sources */ = {isa = PBXBuildFile; fileRef = 18D003942B39F5A20070743A /* SceneDelegate.swift */; };
		18D003972B39F5A20070743A /* ForecastWheaterController.swift in Sources */ = {isa = PBXBuildFile; fileRef = 18D003962B39F5A20070743A /* ForecastWheaterController.swift */; };
		18D0039C2B39F5A60070743A /* Assets.xcassets in Resources */ = {isa = PBXBuildFile; fileRef = 18D0039B2B39F5A60070743A /* Assets.xcassets */; };
		18D0039F2B39F5A60070743A /* LaunchScreen.storyboard in Resources */ = {isa = PBXBuildFile; fileRef = 18D0039D2B39F5A60070743A /* LaunchScreen.storyboard */; };
		18D003AA2B39F5A70070743A /* SameWeatherTestTaskTests.swift in Sources */ = {isa = PBXBuildFile; fileRef = 18D003A92B39F5A70070743A /* SameWeatherTestTaskTests.swift */; };
		18D003B42B39F5A70070743A /* SameWeatherTestTaskUITests.swift in Sources */ = {isa = PBXBuildFile; fileRef = 18D003B32B39F5A70070743A /* SameWeatherTestTaskUITests.swift */; };
		18D003B62B39F5A70070743A /* SameWeatherTestTaskUITestsLaunchTests.swift in Sources */ = {isa = PBXBuildFile; fileRef = 18D003B52B39F5A70070743A /* SameWeatherTestTaskUITestsLaunchTests.swift */; };
		18D003CE2B39F6FC0070743A /* ForecastWheaterViewModel.swift in Sources */ = {isa = PBXBuildFile; fileRef = 18D003CD2B39F6FC0070743A /* ForecastWheaterViewModel.swift */; };
		18D003D02B39F70B0070743A /* ModelForecastWheater.swift in Sources */ = {isa = PBXBuildFile; fileRef = 18D003CF2B39F70B0070743A /* ModelForecastWheater.swift */; };
		18D003D22B39F7330070743A /* ListCityController.swift in Sources */ = {isa = PBXBuildFile; fileRef = 18D003D12B39F7330070743A /* ListCityController.swift */; };
		18D003D42B39F7710070743A /* ListCityViewModel.swift in Sources */ = {isa = PBXBuildFile; fileRef = 18D003D32B39F7710070743A /* ListCityViewModel.swift */; };
		18D003D62B39F7B70070743A /* NetworkManager.swift in Sources */ = {isa = PBXBuildFile; fileRef = 18D003D52B39F7B70070743A /* NetworkManager.swift */; };
		18D003DA2B39F9190070743A /* NetworkManagerError.swift in Sources */ = {isa = PBXBuildFile; fileRef = 18D003D92B39F9190070743A /* NetworkManagerError.swift */; };
		18D003DC2B39F9A30070743A /* APIBuilder.swift in Sources */ = {isa = PBXBuildFile; fileRef = 18D003DB2B39F9A30070743A /* APIBuilder.swift */; };
		18D003DE2B39FA410070743A /* SameWeatherManager.swift in Sources */ = {isa = PBXBuildFile; fileRef = 18D003DD2B39FA410070743A /* SameWeatherManager.swift */; };
		18D003E02B39FC070070743A /* ForecastWheaterView.swift in Sources */ = {isa = PBXBuildFile; fileRef = 18D003DF2B39FC070070743A /* ForecastWheaterView.swift */; };
		18D003E52B3A000B0070743A /* UILable+MyStyle.swift in Sources */ = {isa = PBXBuildFile; fileRef = 18D003E42B3A000B0070743A /* UILable+MyStyle.swift */; };
		18D003E82B3A00780070743A /* Fonts.swift in Sources */ = {isa = PBXBuildFile; fileRef = 18D003E72B3A00780070743A /* Fonts.swift */; };
		18D003EB2B3A022F0070743A /* ConfigurableView.swift in Sources */ = {isa = PBXBuildFile; fileRef = 18D003EA2B3A022F0070743A /* ConfigurableView.swift */; };
		18D003EE2B3A036C0070743A /* UIViewController+MyStyle.swift in Sources */ = {isa = PBXBuildFile; fileRef = 18D003ED2B3A036C0070743A /* UIViewController+MyStyle.swift */; };
		18D003F12B3A03FA0070743A /* UIStackView+MyStyle.swift in Sources */ = {isa = PBXBuildFile; fileRef = 18D003F02B3A03FA0070743A /* UIStackView+MyStyle.swift */; };
		18D003F32B3A06E40070743A /* Images.swift in Sources */ = {isa = PBXBuildFile; fileRef = 18D003F22B3A06E40070743A /* Images.swift */; };
		18D003F52B3A09AE0070743A /* ListCityView.swift in Sources */ = {isa = PBXBuildFile; fileRef = 18D003F42B3A09AE0070743A /* ListCityView.swift */; };
		18D003F82B3A0AAB0070743A /* NameCityCell.swift in Sources */ = {isa = PBXBuildFile; fileRef = 18D003F72B3A0AAB0070743A /* NameCityCell.swift */; };
		18D003FA2B3A0D800070743A /* ModelNameCityCell.swift in Sources */ = {isa = PBXBuildFile; fileRef = 18D003F92B3A0D800070743A /* ModelNameCityCell.swift */; };
		18D003FC2B3A11760070743A /* AppDesign.swift in Sources */ = {isa = PBXBuildFile; fileRef = 18D003FB2B3A11760070743A /* AppDesign.swift */; };
		18D004002B3A1C810070743A /* ForecastWheaterCell.swift in Sources */ = {isa = PBXBuildFile; fileRef = 18D003FF2B3A1C810070743A /* ForecastWheaterCell.swift */; };
		18D004022B3A1E4C0070743A /* ModelForecastWheaterCell.swift in Sources */ = {isa = PBXBuildFile; fileRef = 18D004012B3A1E4C0070743A /* ModelForecastWheaterCell.swift */; };
		18D004052B3A8E470070743A /* Double+.swift in Sources */ = {isa = PBXBuildFile; fileRef = 18D004042B3A8E470070743A /* Double+.swift */; };
		18D004082B3A91120070743A /* ModelSameWeather.swift in Sources */ = {isa = PBXBuildFile; fileRef = 18D004072B3A91120070743A /* ModelSameWeather.swift */; };
		18D0040B2B3B49E00070743A /* Mapper.swift in Sources */ = {isa = PBXBuildFile; fileRef = 18D0040A2B3B49E00070743A /* Mapper.swift */; };
		18D004132B3B574D0070743A /* UIImageView+MyStyle.swift in Sources */ = {isa = PBXBuildFile; fileRef = 18D004122B3B574D0070743A /* UIImageView+MyStyle.swift */; };
		18D004182B3C88E40070743A /* ModuleBuilder.swift in Sources */ = {isa = PBXBuildFile; fileRef = 18D004172B3C88E40070743A /* ModuleBuilder.swift */; };
		18D0041A2B3C88F50070743A /* RouterMain.swift in Sources */ = {isa = PBXBuildFile; fileRef = 18D004192B3C88F50070743A /* RouterMain.swift */; };
		42BDDBEC89B9389F72E3E0B6 /* Pods_SameWeatherTestTask_SameWeatherTestTaskUITests.framework in Frameworks */ = {isa = PBXBuildFile; fileRef = 4860BE64C51E5F47ECD1BC88 /* Pods_SameWeatherTestTask_SameWeatherTestTaskUITests.framework */; };
		AA215986C5232AA6C22431CC /* Pods_SameWeatherTestTaskTests.framework in Frameworks */ = {isa = PBXBuildFile; fileRef = B2B6307C55A45161945CE5D3 /* Pods_SameWeatherTestTaskTests.framework */; };
		EEBA0A0C7494CCEDF5B50C90 /* Pods_SameWeatherTestTask.framework in Frameworks */ = {isa = PBXBuildFile; fileRef = EE3CD869AA419A8B71B14C4B /* Pods_SameWeatherTestTask.framework */; };
/* End PBXBuildFile section */

/* Begin PBXContainerItemProxy section */
		18D003A62B39F5A70070743A /* PBXContainerItemProxy */ = {
			isa = PBXContainerItemProxy;
			containerPortal = 18D003872B39F5A20070743A /* Project object */;
			proxyType = 1;
			remoteGlobalIDString = 18D0038E2B39F5A20070743A;
			remoteInfo = SameWeatherTestTask;
		};
		18D003B02B39F5A70070743A /* PBXContainerItemProxy */ = {
			isa = PBXContainerItemProxy;
			containerPortal = 18D003872B39F5A20070743A /* Project object */;
			proxyType = 1;
			remoteGlobalIDString = 18D0038E2B39F5A20070743A;
			remoteInfo = SameWeatherTestTask;
		};
/* End PBXContainerItemProxy section */

/* Begin PBXFileReference section */
		02BD53428D6300CB872D632B /* Pods-SameWeatherTestTask-SameWeatherTestTaskUITests.debug.xcconfig */ = {isa = PBXFileReference; includeInIndex = 1; lastKnownFileType = text.xcconfig; name = "Pods-SameWeatherTestTask-SameWeatherTestTaskUITests.debug.xcconfig"; path = "Target Support Files/Pods-SameWeatherTestTask-SameWeatherTestTaskUITests/Pods-SameWeatherTestTask-SameWeatherTestTaskUITests.debug.xcconfig"; sourceTree = "<group>"; };
		184776D32B3CCB4D00B39B84 /* LocationManager.swift */ = {isa = PBXFileReference; lastKnownFileType = sourcecode.swift; path = LocationManager.swift; sourceTree = "<group>"; };
		184776D62B3DE93400B39B84 /* CityManager.swift */ = {isa = PBXFileReference; lastKnownFileType = sourcecode.swift; path = CityManager.swift; sourceTree = "<group>"; };
		184776D92B3DFBB000B39B84 /* DateFormatter+.swift */ = {isa = PBXFileReference; lastKnownFileType = sourcecode.swift; path = "DateFormatter+.swift"; sourceTree = "<group>"; };
		18D0038F2B39F5A20070743A /* SameWeatherTestTask.app */ = {isa = PBXFileReference; explicitFileType = wrapper.application; includeInIndex = 0; path = SameWeatherTestTask.app; sourceTree = BUILT_PRODUCTS_DIR; };
		18D003922B39F5A20070743A /* AppDelegate.swift */ = {isa = PBXFileReference; lastKnownFileType = sourcecode.swift; path = AppDelegate.swift; sourceTree = "<group>"; };
		18D003942B39F5A20070743A /* SceneDelegate.swift */ = {isa = PBXFileReference; lastKnownFileType = sourcecode.swift; path = SceneDelegate.swift; sourceTree = "<group>"; };
		18D003962B39F5A20070743A /* ForecastWheaterController.swift */ = {isa = PBXFileReference; lastKnownFileType = sourcecode.swift; path = ForecastWheaterController.swift; sourceTree = "<group>"; };
		18D0039B2B39F5A60070743A /* Assets.xcassets */ = {isa = PBXFileReference; lastKnownFileType = folder.assetcatalog; path = Assets.xcassets; sourceTree = "<group>"; };
		18D0039E2B39F5A60070743A /* Base */ = {isa = PBXFileReference; lastKnownFileType = file.storyboard; name = Base; path = Base.lproj/LaunchScreen.storyboard; sourceTree = "<group>"; };
		18D003A02B39F5A60070743A /* Info.plist */ = {isa = PBXFileReference; lastKnownFileType = text.plist.xml; path = Info.plist; sourceTree = "<group>"; };
		18D003A52B39F5A70070743A /* SameWeatherTestTaskTests.xctest */ = {isa = PBXFileReference; explicitFileType = wrapper.cfbundle; includeInIndex = 0; path = SameWeatherTestTaskTests.xctest; sourceTree = BUILT_PRODUCTS_DIR; };
		18D003A92B39F5A70070743A /* SameWeatherTestTaskTests.swift */ = {isa = PBXFileReference; lastKnownFileType = sourcecode.swift; path = SameWeatherTestTaskTests.swift; sourceTree = "<group>"; };
		18D003AF2B39F5A70070743A /* SameWeatherTestTaskUITests.xctest */ = {isa = PBXFileReference; explicitFileType = wrapper.cfbundle; includeInIndex = 0; path = SameWeatherTestTaskUITests.xctest; sourceTree = BUILT_PRODUCTS_DIR; };
		18D003B32B39F5A70070743A /* SameWeatherTestTaskUITests.swift */ = {isa = PBXFileReference; lastKnownFileType = sourcecode.swift; path = SameWeatherTestTaskUITests.swift; sourceTree = "<group>"; };
		18D003B52B39F5A70070743A /* SameWeatherTestTaskUITestsLaunchTests.swift */ = {isa = PBXFileReference; lastKnownFileType = sourcecode.swift; path = SameWeatherTestTaskUITestsLaunchTests.swift; sourceTree = "<group>"; };
		18D003CD2B39F6FC0070743A /* ForecastWheaterViewModel.swift */ = {isa = PBXFileReference; lastKnownFileType = sourcecode.swift; path = ForecastWheaterViewModel.swift; sourceTree = "<group>"; };
		18D003CF2B39F70B0070743A /* ModelForecastWheater.swift */ = {isa = PBXFileReference; lastKnownFileType = sourcecode.swift; path = ModelForecastWheater.swift; sourceTree = "<group>"; };
		18D003D12B39F7330070743A /* ListCityController.swift */ = {isa = PBXFileReference; lastKnownFileType = sourcecode.swift; path = ListCityController.swift; sourceTree = "<group>"; };
		18D003D32B39F7710070743A /* ListCityViewModel.swift */ = {isa = PBXFileReference; lastKnownFileType = sourcecode.swift; path = ListCityViewModel.swift; sourceTree = "<group>"; };
		18D003D52B39F7B70070743A /* NetworkManager.swift */ = {isa = PBXFileReference; lastKnownFileType = sourcecode.swift; path = NetworkManager.swift; sourceTree = "<group>"; };
		18D003D92B39F9190070743A /* NetworkManagerError.swift */ = {isa = PBXFileReference; lastKnownFileType = sourcecode.swift; path = NetworkManagerError.swift; sourceTree = "<group>"; };
		18D003DB2B39F9A30070743A /* APIBuilder.swift */ = {isa = PBXFileReference; lastKnownFileType = sourcecode.swift; path = APIBuilder.swift; sourceTree = "<group>"; };
		18D003DD2B39FA410070743A /* SameWeatherManager.swift */ = {isa = PBXFileReference; lastKnownFileType = sourcecode.swift; path = SameWeatherManager.swift; sourceTree = "<group>"; };
		18D003DF2B39FC070070743A /* ForecastWheaterView.swift */ = {isa = PBXFileReference; lastKnownFileType = sourcecode.swift; path = ForecastWheaterView.swift; sourceTree = "<group>"; };
		18D003E42B3A000B0070743A /* UILable+MyStyle.swift */ = {isa = PBXFileReference; lastKnownFileType = sourcecode.swift; path = "UILable+MyStyle.swift"; sourceTree = "<group>"; };
		18D003E72B3A00780070743A /* Fonts.swift */ = {isa = PBXFileReference; lastKnownFileType = sourcecode.swift; path = Fonts.swift; sourceTree = "<group>"; };
		18D003EA2B3A022F0070743A /* ConfigurableView.swift */ = {isa = PBXFileReference; lastKnownFileType = sourcecode.swift; path = ConfigurableView.swift; sourceTree = "<group>"; };
		18D003ED2B3A036C0070743A /* UIViewController+MyStyle.swift */ = {isa = PBXFileReference; lastKnownFileType = sourcecode.swift; path = "UIViewController+MyStyle.swift"; sourceTree = "<group>"; };
		18D003F02B3A03FA0070743A /* UIStackView+MyStyle.swift */ = {isa = PBXFileReference; lastKnownFileType = sourcecode.swift; path = "UIStackView+MyStyle.swift"; sourceTree = "<group>"; };
		18D003F22B3A06E40070743A /* Images.swift */ = {isa = PBXFileReference; lastKnownFileType = sourcecode.swift; path = Images.swift; sourceTree = "<group>"; };
		18D003F42B3A09AE0070743A /* ListCityView.swift */ = {isa = PBXFileReference; lastKnownFileType = sourcecode.swift; path = ListCityView.swift; sourceTree = "<group>"; };
		18D003F72B3A0AAB0070743A /* NameCityCell.swift */ = {isa = PBXFileReference; lastKnownFileType = sourcecode.swift; path = NameCityCell.swift; sourceTree = "<group>"; };
		18D003F92B3A0D800070743A /* ModelNameCityCell.swift */ = {isa = PBXFileReference; lastKnownFileType = sourcecode.swift; path = ModelNameCityCell.swift; sourceTree = "<group>"; };
		18D003FB2B3A11760070743A /* AppDesign.swift */ = {isa = PBXFileReference; lastKnownFileType = sourcecode.swift; path = AppDesign.swift; sourceTree = "<group>"; };
		18D003FF2B3A1C810070743A /* ForecastWheaterCell.swift */ = {isa = PBXFileReference; lastKnownFileType = sourcecode.swift; path = ForecastWheaterCell.swift; sourceTree = "<group>"; };
		18D004012B3A1E4C0070743A /* ModelForecastWheaterCell.swift */ = {isa = PBXFileReference; lastKnownFileType = sourcecode.swift; path = ModelForecastWheaterCell.swift; sourceTree = "<group>"; };
		18D004042B3A8E470070743A /* Double+.swift */ = {isa = PBXFileReference; lastKnownFileType = sourcecode.swift; path = "Double+.swift"; sourceTree = "<group>"; };
		18D004072B3A91120070743A /* ModelSameWeather.swift */ = {isa = PBXFileReference; lastKnownFileType = sourcecode.swift; path = ModelSameWeather.swift; sourceTree = "<group>"; };
		18D0040A2B3B49E00070743A /* Mapper.swift */ = {isa = PBXFileReference; lastKnownFileType = sourcecode.swift; path = Mapper.swift; sourceTree = "<group>"; };
		18D004122B3B574D0070743A /* UIImageView+MyStyle.swift */ = {isa = PBXFileReference; lastKnownFileType = sourcecode.swift; path = "UIImageView+MyStyle.swift"; sourceTree = "<group>"; };
		18D004172B3C88E40070743A /* ModuleBuilder.swift */ = {isa = PBXFileReference; lastKnownFileType = sourcecode.swift; path = ModuleBuilder.swift; sourceTree = "<group>"; };
		18D004192B3C88F50070743A /* RouterMain.swift */ = {isa = PBXFileReference; lastKnownFileType = sourcecode.swift; path = RouterMain.swift; sourceTree = "<group>"; };
		2A8041E001DB3E73E58B86A0 /* Pods-SameWeatherTestTaskTests.debug.xcconfig */ = {isa = PBXFileReference; includeInIndex = 1; lastKnownFileType = text.xcconfig; name = "Pods-SameWeatherTestTaskTests.debug.xcconfig"; path = "Target Support Files/Pods-SameWeatherTestTaskTests/Pods-SameWeatherTestTaskTests.debug.xcconfig"; sourceTree = "<group>"; };
		3E97F79E1E359F059D5B7382 /* Pods-SameWeatherTestTask.release.xcconfig */ = {isa = PBXFileReference; includeInIndex = 1; lastKnownFileType = text.xcconfig; name = "Pods-SameWeatherTestTask.release.xcconfig"; path = "Target Support Files/Pods-SameWeatherTestTask/Pods-SameWeatherTestTask.release.xcconfig"; sourceTree = "<group>"; };
		4860BE64C51E5F47ECD1BC88 /* Pods_SameWeatherTestTask_SameWeatherTestTaskUITests.framework */ = {isa = PBXFileReference; explicitFileType = wrapper.framework; includeInIndex = 0; path = Pods_SameWeatherTestTask_SameWeatherTestTaskUITests.framework; sourceTree = BUILT_PRODUCTS_DIR; };
		600BAF63A908F3E4E2E7F1C4 /* Pods-SameWeatherTestTaskTests.release.xcconfig */ = {isa = PBXFileReference; includeInIndex = 1; lastKnownFileType = text.xcconfig; name = "Pods-SameWeatherTestTaskTests.release.xcconfig"; path = "Target Support Files/Pods-SameWeatherTestTaskTests/Pods-SameWeatherTestTaskTests.release.xcconfig"; sourceTree = "<group>"; };
		66CBCCCD9DEFCFF0B12073DF /* Pods-SameWeatherTestTask.debug.xcconfig */ = {isa = PBXFileReference; includeInIndex = 1; lastKnownFileType = text.xcconfig; name = "Pods-SameWeatherTestTask.debug.xcconfig"; path = "Target Support Files/Pods-SameWeatherTestTask/Pods-SameWeatherTestTask.debug.xcconfig"; sourceTree = "<group>"; };
		B2B6307C55A45161945CE5D3 /* Pods_SameWeatherTestTaskTests.framework */ = {isa = PBXFileReference; explicitFileType = wrapper.framework; includeInIndex = 0; path = Pods_SameWeatherTestTaskTests.framework; sourceTree = BUILT_PRODUCTS_DIR; };
		D5B477DB3C302A6635133CB3 /* Pods-SameWeatherTestTask-SameWeatherTestTaskUITests.release.xcconfig */ = {isa = PBXFileReference; includeInIndex = 1; lastKnownFileType = text.xcconfig; name = "Pods-SameWeatherTestTask-SameWeatherTestTaskUITests.release.xcconfig"; path = "Target Support Files/Pods-SameWeatherTestTask-SameWeatherTestTaskUITests/Pods-SameWeatherTestTask-SameWeatherTestTaskUITests.release.xcconfig"; sourceTree = "<group>"; };
		EE3CD869AA419A8B71B14C4B /* Pods_SameWeatherTestTask.framework */ = {isa = PBXFileReference; explicitFileType = wrapper.framework; includeInIndex = 0; path = Pods_SameWeatherTestTask.framework; sourceTree = BUILT_PRODUCTS_DIR; };
/* End PBXFileReference section */

/* Begin PBXFrameworksBuildPhase section */
		18D0038C2B39F5A20070743A /* Frameworks */ = {
			isa = PBXFrameworksBuildPhase;
			buildActionMask = 2147483647;
			files = (
				EEBA0A0C7494CCEDF5B50C90 /* Pods_SameWeatherTestTask.framework in Frameworks */,
			);
			runOnlyForDeploymentPostprocessing = 0;
		};
		18D003A22B39F5A70070743A /* Frameworks */ = {
			isa = PBXFrameworksBuildPhase;
			buildActionMask = 2147483647;
			files = (
				AA215986C5232AA6C22431CC /* Pods_SameWeatherTestTaskTests.framework in Frameworks */,
			);
			runOnlyForDeploymentPostprocessing = 0;
		};
		18D003AC2B39F5A70070743A /* Frameworks */ = {
			isa = PBXFrameworksBuildPhase;
			buildActionMask = 2147483647;
			files = (
				42BDDBEC89B9389F72E3E0B6 /* Pods_SameWeatherTestTask_SameWeatherTestTaskUITests.framework in Frameworks */,
			);
			runOnlyForDeploymentPostprocessing = 0;
		};
/* End PBXFrameworksBuildPhase section */

/* Begin PBXGroup section */
		0CBF1B394613F4F7D45AEFCC /* Frameworks */ = {
			isa = PBXGroup;
			children = (
				EE3CD869AA419A8B71B14C4B /* Pods_SameWeatherTestTask.framework */,
				4860BE64C51E5F47ECD1BC88 /* Pods_SameWeatherTestTask_SameWeatherTestTaskUITests.framework */,
				B2B6307C55A45161945CE5D3 /* Pods_SameWeatherTestTaskTests.framework */,
			);
			name = Frameworks;
			sourceTree = "<group>";
		};
		184776D22B3CCB3F00B39B84 /* LocationManager */ = {
			isa = PBXGroup;
			children = (
				184776D32B3CCB4D00B39B84 /* LocationManager.swift */,
			);
			path = LocationManager;
			sourceTree = "<group>";
		};
		184776D52B3DE91C00B39B84 /* CityManager */ = {
			isa = PBXGroup;
			children = (
				184776D62B3DE93400B39B84 /* CityManager.swift */,
			);
			path = CityManager;
			sourceTree = "<group>";
		};
		184776D82B3DFB9C00B39B84 /* DateFormatter+ */ = {
			isa = PBXGroup;
			children = (
				184776D92B3DFBB000B39B84 /* DateFormatter+.swift */,
			);
			path = "DateFormatter+";
			sourceTree = "<group>";
		};
		18D003862B39F5A20070743A = {
			isa = PBXGroup;
			children = (
				18D003912B39F5A20070743A /* SameWeatherTestTask */,
				18D003A82B39F5A70070743A /* SameWeatherTestTaskTests */,
				18D003B22B39F5A70070743A /* SameWeatherTestTaskUITests */,
				18D003902B39F5A20070743A /* Products */,
				8CD7F1FB586092F605ED9F93 /* Pods */,
				0CBF1B394613F4F7D45AEFCC /* Frameworks */,
			);
			sourceTree = "<group>";
		};
		18D003902B39F5A20070743A /* Products */ = {
			isa = PBXGroup;
			children = (
				18D0038F2B39F5A20070743A /* SameWeatherTestTask.app */,
				18D003A52B39F5A70070743A /* SameWeatherTestTaskTests.xctest */,
				18D003AF2B39F5A70070743A /* SameWeatherTestTaskUITests.xctest */,
			);
			name = Products;
			sourceTree = "<group>";
		};
		18D003912B39F5A20070743A /* SameWeatherTestTask */ = {
			isa = PBXGroup;
			children = (
				18D003C22B39F5C00070743A /* App */,
				18D004142B3C887D0070743A /* Builder */,
				18D004162B3C88C90070743A /* Router */,
				18D004152B3C88B40070743A /* Screens */,
				18D003C32B39F5D50070743A /* Services */,
				18D003E12B39FFDA0070743A /* Library */,
				18D0039B2B39F5A60070743A /* Assets.xcassets */,
				18D0039D2B39F5A60070743A /* LaunchScreen.storyboard */,
				18D003A02B39F5A60070743A /* Info.plist */,
			);
			path = SameWeatherTestTask;
			sourceTree = "<group>";
		};
		18D003A82B39F5A70070743A /* SameWeatherTestTaskTests */ = {
			isa = PBXGroup;
			children = (
				18D003A92B39F5A70070743A /* SameWeatherTestTaskTests.swift */,
			);
			path = SameWeatherTestTaskTests;
			sourceTree = "<group>";
		};
		18D003B22B39F5A70070743A /* SameWeatherTestTaskUITests */ = {
			isa = PBXGroup;
			children = (
				18D003B32B39F5A70070743A /* SameWeatherTestTaskUITests.swift */,
				18D003B52B39F5A70070743A /* SameWeatherTestTaskUITestsLaunchTests.swift */,
			);
			path = SameWeatherTestTaskUITests;
			sourceTree = "<group>";
		};
		18D003C22B39F5C00070743A /* App */ = {
			isa = PBXGroup;
			children = (
				18D003922B39F5A20070743A /* AppDelegate.swift */,
				18D003942B39F5A20070743A /* SceneDelegate.swift */,
			);
			path = App;
			sourceTree = "<group>";
		};
		18D003C32B39F5D50070743A /* Services */ = {
			isa = PBXGroup;
			children = (
				184776D22B3CCB3F00B39B84 /* LocationManager */,
				18D004092B3B49CD0070743A /* Mapper */,
				18D003D72B39F8BC0070743A /* NetworkLayer */,
				184776D52B3DE91C00B39B84 /* CityManager */,
			);
			path = Services;
			sourceTree = "<group>";
		};
		18D003C42B39F5EE0070743A /* ListCity */ = {
			isa = PBXGroup;
			children = (
				18D003C52B39F6090070743A /* View */,
				18D003C72B39F6140070743A /* ViewModel */,
				18D003C62B39F60E0070743A /* Model */,
			);
			path = ListCity;
			sourceTree = "<group>";
		};
		18D003C52B39F6090070743A /* View */ = {
			isa = PBXGroup;
			children = (
				18D003D12B39F7330070743A /* ListCityController.swift */,
				18D003F42B3A09AE0070743A /* ListCityView.swift */,
				18D003F62B3A0A750070743A /* Cell */,
			);
			path = View;
			sourceTree = "<group>";
		};
		18D003C62B39F60E0070743A /* Model */ = {
			isa = PBXGroup;
			children = (
				18D003F92B3A0D800070743A /* ModelNameCityCell.swift */,
			);
			path = Model;
			sourceTree = "<group>";
		};
		18D003C72B39F6140070743A /* ViewModel */ = {
			isa = PBXGroup;
			children = (
				18D003D32B39F7710070743A /* ListCityViewModel.swift */,
			);
			path = ViewModel;
			sourceTree = "<group>";
		};
		18D003C82B39F61B0070743A /* ForecastWheater */ = {
			isa = PBXGroup;
			children = (
				18D003C92B39F6780070743A /* View */,
				18D003CB2B39F6870070743A /* ViewModel */,
				18D003CC2B39F68E0070743A /* Model */,
			);
			path = ForecastWheater;
			sourceTree = "<group>";
		};
		18D003C92B39F6780070743A /* View */ = {
			isa = PBXGroup;
			children = (
				18D003962B39F5A20070743A /* ForecastWheaterController.swift */,
				18D003DF2B39FC070070743A /* ForecastWheaterView.swift */,
				18D003FD2B3A1C420070743A /* Cell */,
			);
			path = View;
			sourceTree = "<group>";
		};
		18D003CB2B39F6870070743A /* ViewModel */ = {
			isa = PBXGroup;
			children = (
				18D003CD2B39F6FC0070743A /* ForecastWheaterViewModel.swift */,
			);
			path = ViewModel;
			sourceTree = "<group>";
		};
		18D003CC2B39F68E0070743A /* Model */ = {
			isa = PBXGroup;
			children = (
				18D003CF2B39F70B0070743A /* ModelForecastWheater.swift */,
				18D004012B3A1E4C0070743A /* ModelForecastWheaterCell.swift */,
			);
			path = Model;
			sourceTree = "<group>";
		};
		18D003D72B39F8BC0070743A /* NetworkLayer */ = {
			isa = PBXGroup;
			children = (
				18D003DD2B39FA410070743A /* SameWeatherManager.swift */,
				18D003D52B39F7B70070743A /* NetworkManager.swift */,
				18D003DB2B39F9A30070743A /* APIBuilder.swift */,
				18D004062B3A90F70070743A /* Model */,
				18D003D82B39F8EC0070743A /* Error */,
			);
			path = NetworkLayer;
			sourceTree = "<group>";
		};
		18D003D82B39F8EC0070743A /* Error */ = {
			isa = PBXGroup;
			children = (
				18D003D92B39F9190070743A /* NetworkManagerError.swift */,
			);
			path = Error;
			sourceTree = "<group>";
		};
		18D003E12B39FFDA0070743A /* Library */ = {
			isa = PBXGroup;
			children = (
				18D003E92B3A02110070743A /* Protocols */,
				18D003E62B3A00690070743A /* Constants */,
				18D003E22B39FFE50070743A /* Extension */,
			);
			path = Library;
			sourceTree = "<group>";
		};
		18D003E22B39FFE50070743A /* Extension */ = {
			isa = PBXGroup;
			children = (
				18D003E32B39FFEE0070743A /* UILabel+MyStyle */,
				18D003EC2B3A034A0070743A /* UIViewController+MyStyle */,
				18D0040C2B3B545B0070743A /* UIImageView+ */,
				18D004032B3A8E330070743A /* Double+ */,
				18D003EF2B3A03DE0070743A /* UIStackView+MyStyle */,
				184776D82B3DFB9C00B39B84 /* DateFormatter+ */,
			);
			path = Extension;
			sourceTree = "<group>";
		};
		18D003E32B39FFEE0070743A /* UILabel+MyStyle */ = {
			isa = PBXGroup;
			children = (
				18D003E42B3A000B0070743A /* UILable+MyStyle.swift */,
			);
			path = "UILabel+MyStyle";
			sourceTree = "<group>";
		};
		18D003E62B3A00690070743A /* Constants */ = {
			isa = PBXGroup;
			children = (
				18D003E72B3A00780070743A /* Fonts.swift */,
				18D003F22B3A06E40070743A /* Images.swift */,
				18D003FB2B3A11760070743A /* AppDesign.swift */,
			);
			path = Constants;
			sourceTree = "<group>";
		};
		18D003E92B3A02110070743A /* Protocols */ = {
			isa = PBXGroup;
			children = (
				18D003EA2B3A022F0070743A /* ConfigurableView.swift */,
			);
			path = Protocols;
			sourceTree = "<group>";
		};
		18D003EC2B3A034A0070743A /* UIViewController+MyStyle */ = {
			isa = PBXGroup;
			children = (
				18D003ED2B3A036C0070743A /* UIViewController+MyStyle.swift */,
			);
			path = "UIViewController+MyStyle";
			sourceTree = "<group>";
		};
		18D003EF2B3A03DE0070743A /* UIStackView+MyStyle */ = {
			isa = PBXGroup;
			children = (
				18D003F02B3A03FA0070743A /* UIStackView+MyStyle.swift */,
			);
			path = "UIStackView+MyStyle";
			sourceTree = "<group>";
		};
		18D003F62B3A0A750070743A /* Cell */ = {
			isa = PBXGroup;
			children = (
				18D003F72B3A0AAB0070743A /* NameCityCell.swift */,
			);
			path = Cell;
			sourceTree = "<group>";
		};
		18D003FD2B3A1C420070743A /* Cell */ = {
			isa = PBXGroup;
			children = (
				18D003FF2B3A1C810070743A /* ForecastWheaterCell.swift */,
			);
			path = Cell;
			sourceTree = "<group>";
		};
		18D004032B3A8E330070743A /* Double+ */ = {
			isa = PBXGroup;
			children = (
				18D004042B3A8E470070743A /* Double+.swift */,
			);
			path = "Double+";
			sourceTree = "<group>";
		};
		18D004062B3A90F70070743A /* Model */ = {
			isa = PBXGroup;
			children = (
				18D004072B3A91120070743A /* ModelSameWeather.swift */,
			);
			path = Model;
			sourceTree = "<group>";
		};
		18D004092B3B49CD0070743A /* Mapper */ = {
			isa = PBXGroup;
			children = (
				18D0040A2B3B49E00070743A /* Mapper.swift */,
			);
			path = Mapper;
			sourceTree = "<group>";
		};
		18D0040C2B3B545B0070743A /* UIImageView+ */ = {
			isa = PBXGroup;
			children = (
				18D004122B3B574D0070743A /* UIImageView+MyStyle.swift */,
			);
			path = "UIImageView+";
			sourceTree = "<group>";
		};
		18D004142B3C887D0070743A /* Builder */ = {
			isa = PBXGroup;
			children = (
				18D004172B3C88E40070743A /* ModuleBuilder.swift */,
			);
			path = Builder;
			sourceTree = "<group>";
		};
		18D004152B3C88B40070743A /* Screens */ = {
			isa = PBXGroup;
			children = (
				18D003C82B39F61B0070743A /* ForecastWheater */,
				18D003C42B39F5EE0070743A /* ListCity */,
			);
			path = Screens;
			sourceTree = "<group>";
		};
		18D004162B3C88C90070743A /* Router */ = {
			isa = PBXGroup;
			children = (
				18D004192B3C88F50070743A /* RouterMain.swift */,
			);
			path = Router;
			sourceTree = "<group>";
		};
		8CD7F1FB586092F605ED9F93 /* Pods */ = {
			isa = PBXGroup;
			children = (
				66CBCCCD9DEFCFF0B12073DF /* Pods-SameWeatherTestTask.debug.xcconfig */,
				3E97F79E1E359F059D5B7382 /* Pods-SameWeatherTestTask.release.xcconfig */,
				02BD53428D6300CB872D632B /* Pods-SameWeatherTestTask-SameWeatherTestTaskUITests.debug.xcconfig */,
				D5B477DB3C302A6635133CB3 /* Pods-SameWeatherTestTask-SameWeatherTestTaskUITests.release.xcconfig */,
				2A8041E001DB3E73E58B86A0 /* Pods-SameWeatherTestTaskTests.debug.xcconfig */,
				600BAF63A908F3E4E2E7F1C4 /* Pods-SameWeatherTestTaskTests.release.xcconfig */,
			);
			path = Pods;
			sourceTree = "<group>";
		};
/* End PBXGroup section */

/* Begin PBXNativeTarget section */
		18D0038E2B39F5A20070743A /* SameWeatherTestTask */ = {
			isa = PBXNativeTarget;
			buildConfigurationList = 18D003B92B39F5A70070743A /* Build configuration list for PBXNativeTarget "SameWeatherTestTask" */;
			buildPhases = (
				8C34B0DADAD7678F7B636F79 /* [CP] Check Pods Manifest.lock */,
				18D0038B2B39F5A20070743A /* Sources */,
				18D0038C2B39F5A20070743A /* Frameworks */,
				18D0038D2B39F5A20070743A /* Resources */,
				4FB8B1AF59F9D3867D3FC811 /* [CP] Embed Pods Frameworks */,
			);
			buildRules = (
			);
			dependencies = (
			);
			name = SameWeatherTestTask;
			productName = SameWeatherTestTask;
			productReference = 18D0038F2B39F5A20070743A /* SameWeatherTestTask.app */;
			productType = "com.apple.product-type.application";
		};
		18D003A42B39F5A70070743A /* SameWeatherTestTaskTests */ = {
			isa = PBXNativeTarget;
			buildConfigurationList = 18D003BC2B39F5A70070743A /* Build configuration list for PBXNativeTarget "SameWeatherTestTaskTests" */;
			buildPhases = (
				5A9B06CDE0884066EEE97699 /* [CP] Check Pods Manifest.lock */,
				18D003A12B39F5A70070743A /* Sources */,
				18D003A22B39F5A70070743A /* Frameworks */,
				18D003A32B39F5A70070743A /* Resources */,
			);
			buildRules = (
			);
			dependencies = (
				18D003A72B39F5A70070743A /* PBXTargetDependency */,
			);
			name = SameWeatherTestTaskTests;
			productName = SameWeatherTestTaskTests;
			productReference = 18D003A52B39F5A70070743A /* SameWeatherTestTaskTests.xctest */;
			productType = "com.apple.product-type.bundle.unit-test";
		};
		18D003AE2B39F5A70070743A /* SameWeatherTestTaskUITests */ = {
			isa = PBXNativeTarget;
			buildConfigurationList = 18D003BF2B39F5A70070743A /* Build configuration list for PBXNativeTarget "SameWeatherTestTaskUITests" */;
			buildPhases = (
				D361C237A03EC315D790500C /* [CP] Check Pods Manifest.lock */,
				18D003AB2B39F5A70070743A /* Sources */,
				18D003AC2B39F5A70070743A /* Frameworks */,
				18D003AD2B39F5A70070743A /* Resources */,
				02BDCF2E8BF9FE071DED0FC0 /* [CP] Embed Pods Frameworks */,
			);
			buildRules = (
			);
			dependencies = (
				18D003B12B39F5A70070743A /* PBXTargetDependency */,
			);
			name = SameWeatherTestTaskUITests;
			productName = SameWeatherTestTaskUITests;
			productReference = 18D003AF2B39F5A70070743A /* SameWeatherTestTaskUITests.xctest */;
			productType = "com.apple.product-type.bundle.ui-testing";
		};
/* End PBXNativeTarget section */

/* Begin PBXProject section */
		18D003872B39F5A20070743A /* Project object */ = {
			isa = PBXProject;
			attributes = {
				BuildIndependentTargetsInParallel = 1;
				LastSwiftUpdateCheck = 1420;
				LastUpgradeCheck = 1420;
				TargetAttributes = {
					18D0038E2B39F5A20070743A = {
						CreatedOnToolsVersion = 14.2;
					};
					18D003A42B39F5A70070743A = {
						CreatedOnToolsVersion = 14.2;
						TestTargetID = 18D0038E2B39F5A20070743A;
					};
					18D003AE2B39F5A70070743A = {
						CreatedOnToolsVersion = 14.2;
						TestTargetID = 18D0038E2B39F5A20070743A;
					};
				};
			};
			buildConfigurationList = 18D0038A2B39F5A20070743A /* Build configuration list for PBXProject "SameWeatherTestTask" */;
			compatibilityVersion = "Xcode 14.0";
			developmentRegion = en;
			hasScannedForEncodings = 0;
			knownRegions = (
				en,
				Base,
			);
			mainGroup = 18D003862B39F5A20070743A;
			productRefGroup = 18D003902B39F5A20070743A /* Products */;
			projectDirPath = "";
			projectRoot = "";
			targets = (
				18D0038E2B39F5A20070743A /* SameWeatherTestTask */,
				18D003A42B39F5A70070743A /* SameWeatherTestTaskTests */,
				18D003AE2B39F5A70070743A /* SameWeatherTestTaskUITests */,
			);
		};
/* End PBXProject section */

/* Begin PBXResourcesBuildPhase section */
		18D0038D2B39F5A20070743A /* Resources */ = {
			isa = PBXResourcesBuildPhase;
			buildActionMask = 2147483647;
			files = (
				18D0039F2B39F5A60070743A /* LaunchScreen.storyboard in Resources */,
				18D0039C2B39F5A60070743A /* Assets.xcassets in Resources */,
			);
			runOnlyForDeploymentPostprocessing = 0;
		};
		18D003A32B39F5A70070743A /* Resources */ = {
			isa = PBXResourcesBuildPhase;
			buildActionMask = 2147483647;
			files = (
			);
			runOnlyForDeploymentPostprocessing = 0;
		};
		18D003AD2B39F5A70070743A /* Resources */ = {
			isa = PBXResourcesBuildPhase;
			buildActionMask = 2147483647;
			files = (
			);
			runOnlyForDeploymentPostprocessing = 0;
		};
/* End PBXResourcesBuildPhase section */

/* Begin PBXShellScriptBuildPhase section */
		02BDCF2E8BF9FE071DED0FC0 /* [CP] Embed Pods Frameworks */ = {
			isa = PBXShellScriptBuildPhase;
			buildActionMask = 2147483647;
			files = (
			);
			inputFileListPaths = (
				"${PODS_ROOT}/Target Support Files/Pods-SameWeatherTestTask-SameWeatherTestTaskUITests/Pods-SameWeatherTestTask-SameWeatherTestTaskUITests-frameworks-${CONFIGURATION}-input-files.xcfilelist",
			);
			name = "[CP] Embed Pods Frameworks";
			outputFileListPaths = (
				"${PODS_ROOT}/Target Support Files/Pods-SameWeatherTestTask-SameWeatherTestTaskUITests/Pods-SameWeatherTestTask-SameWeatherTestTaskUITests-frameworks-${CONFIGURATION}-output-files.xcfilelist",
			);
			runOnlyForDeploymentPostprocessing = 0;
			shellPath = /bin/sh;
			shellScript = "\"${PODS_ROOT}/Target Support Files/Pods-SameWeatherTestTask-SameWeatherTestTaskUITests/Pods-SameWeatherTestTask-SameWeatherTestTaskUITests-frameworks.sh\"\n";
			showEnvVarsInLog = 0;
		};
		4FB8B1AF59F9D3867D3FC811 /* [CP] Embed Pods Frameworks */ = {
			isa = PBXShellScriptBuildPhase;
			buildActionMask = 2147483647;
			files = (
			);
			inputFileListPaths = (
				"${PODS_ROOT}/Target Support Files/Pods-SameWeatherTestTask/Pods-SameWeatherTestTask-frameworks-${CONFIGURATION}-input-files.xcfilelist",
			);
			name = "[CP] Embed Pods Frameworks";
			outputFileListPaths = (
				"${PODS_ROOT}/Target Support Files/Pods-SameWeatherTestTask/Pods-SameWeatherTestTask-frameworks-${CONFIGURATION}-output-files.xcfilelist",
			);
			runOnlyForDeploymentPostprocessing = 0;
			shellPath = /bin/sh;
			shellScript = "\"${PODS_ROOT}/Target Support Files/Pods-SameWeatherTestTask/Pods-SameWeatherTestTask-frameworks.sh\"\n";
			showEnvVarsInLog = 0;
		};
		5A9B06CDE0884066EEE97699 /* [CP] Check Pods Manifest.lock */ = {
			isa = PBXShellScriptBuildPhase;
			buildActionMask = 2147483647;
			files = (
			);
			inputFileListPaths = (
			);
			inputPaths = (
				"${PODS_PODFILE_DIR_PATH}/Podfile.lock",
				"${PODS_ROOT}/Manifest.lock",
			);
			name = "[CP] Check Pods Manifest.lock";
			outputFileListPaths = (
			);
			outputPaths = (
				"$(DERIVED_FILE_DIR)/Pods-SameWeatherTestTaskTests-checkManifestLockResult.txt",
			);
			runOnlyForDeploymentPostprocessing = 0;
			shellPath = /bin/sh;
			shellScript = "diff \"${PODS_PODFILE_DIR_PATH}/Podfile.lock\" \"${PODS_ROOT}/Manifest.lock\" > /dev/null\nif [ $? != 0 ] ; then\n    # print error to STDERR\n    echo \"error: The sandbox is not in sync with the Podfile.lock. Run 'pod install' or update your CocoaPods installation.\" >&2\n    exit 1\nfi\n# This output is used by Xcode 'outputs' to avoid re-running this script phase.\necho \"SUCCESS\" > \"${SCRIPT_OUTPUT_FILE_0}\"\n";
			showEnvVarsInLog = 0;
		};
		8C34B0DADAD7678F7B636F79 /* [CP] Check Pods Manifest.lock */ = {
			isa = PBXShellScriptBuildPhase;
			buildActionMask = 2147483647;
			files = (
			);
			inputFileListPaths = (
			);
			inputPaths = (
				"${PODS_PODFILE_DIR_PATH}/Podfile.lock",
				"${PODS_ROOT}/Manifest.lock",
			);
			name = "[CP] Check Pods Manifest.lock";
			outputFileListPaths = (
			);
			outputPaths = (
				"$(DERIVED_FILE_DIR)/Pods-SameWeatherTestTask-checkManifestLockResult.txt",
			);
			runOnlyForDeploymentPostprocessing = 0;
			shellPath = /bin/sh;
			shellScript = "diff \"${PODS_PODFILE_DIR_PATH}/Podfile.lock\" \"${PODS_ROOT}/Manifest.lock\" > /dev/null\nif [ $? != 0 ] ; then\n    # print error to STDERR\n    echo \"error: The sandbox is not in sync with the Podfile.lock. Run 'pod install' or update your CocoaPods installation.\" >&2\n    exit 1\nfi\n# This output is used by Xcode 'outputs' to avoid re-running this script phase.\necho \"SUCCESS\" > \"${SCRIPT_OUTPUT_FILE_0}\"\n";
			showEnvVarsInLog = 0;
		};
		D361C237A03EC315D790500C /* [CP] Check Pods Manifest.lock */ = {
			isa = PBXShellScriptBuildPhase;
			buildActionMask = 2147483647;
			files = (
			);
			inputFileListPaths = (
			);
			inputPaths = (
				"${PODS_PODFILE_DIR_PATH}/Podfile.lock",
				"${PODS_ROOT}/Manifest.lock",
			);
			name = "[CP] Check Pods Manifest.lock";
			outputFileListPaths = (
			);
			outputPaths = (
				"$(DERIVED_FILE_DIR)/Pods-SameWeatherTestTask-SameWeatherTestTaskUITests-checkManifestLockResult.txt",
			);
			runOnlyForDeploymentPostprocessing = 0;
			shellPath = /bin/sh;
			shellScript = "diff \"${PODS_PODFILE_DIR_PATH}/Podfile.lock\" \"${PODS_ROOT}/Manifest.lock\" > /dev/null\nif [ $? != 0 ] ; then\n    # print error to STDERR\n    echo \"error: The sandbox is not in sync with the Podfile.lock. Run 'pod install' or update your CocoaPods installation.\" >&2\n    exit 1\nfi\n# This output is used by Xcode 'outputs' to avoid re-running this script phase.\necho \"SUCCESS\" > \"${SCRIPT_OUTPUT_FILE_0}\"\n";
			showEnvVarsInLog = 0;
		};
/* End PBXShellScriptBuildPhase section */

/* Begin PBXSourcesBuildPhase section */
		18D0038B2B39F5A20070743A /* Sources */ = {
			isa = PBXSourcesBuildPhase;
			buildActionMask = 2147483647;
			files = (
				184776DA2B3DFBB000B39B84 /* DateFormatter+.swift in Sources */,
				184776D72B3DE93400B39B84 /* CityManager.swift in Sources */,
				18D003EB2B3A022F0070743A /* ConfigurableView.swift in Sources */,
				18D003E82B3A00780070743A /* Fonts.swift in Sources */,
				18D004132B3B574D0070743A /* UIImageView+MyStyle.swift in Sources */,
				18D003F12B3A03FA0070743A /* UIStackView+MyStyle.swift in Sources */,
				18D003D22B39F7330070743A /* ListCityController.swift in Sources */,
				18D003DA2B39F9190070743A /* NetworkManagerError.swift in Sources */,
				18D003E02B39FC070070743A /* ForecastWheaterView.swift in Sources */,
				18D003CE2B39F6FC0070743A /* ForecastWheaterViewModel.swift in Sources */,
				18D003DE2B39FA410070743A /* SameWeatherManager.swift in Sources */,
				18D004082B3A91120070743A /* ModelSameWeather.swift in Sources */,
				18D003D02B39F70B0070743A /* ModelForecastWheater.swift in Sources */,
				18D004022B3A1E4C0070743A /* ModelForecastWheaterCell.swift in Sources */,
				18D003FC2B3A11760070743A /* AppDesign.swift in Sources */,
				18D003EE2B3A036C0070743A /* UIViewController+MyStyle.swift in Sources */,
				184776D42B3CCB4D00B39B84 /* LocationManager.swift in Sources */,
				18D004182B3C88E40070743A /* ModuleBuilder.swift in Sources */,
				18D0040B2B3B49E00070743A /* Mapper.swift in Sources */,
				18D003972B39F5A20070743A /* ForecastWheaterController.swift in Sources */,
				18D0041A2B3C88F50070743A /* RouterMain.swift in Sources */,
				18D003F82B3A0AAB0070743A /* NameCityCell.swift in Sources */,
				18D004052B3A8E470070743A /* Double+.swift in Sources */,
				18D003932B39F5A20070743A /* AppDelegate.swift in Sources */,
				18D003E52B3A000B0070743A /* UILable+MyStyle.swift in Sources */,
				18D003F32B3A06E40070743A /* Images.swift in Sources */,
				18D003D42B39F7710070743A /* ListCityViewModel.swift in Sources */,
				18D003F52B3A09AE0070743A /* ListCityView.swift in Sources */,
				18D003D62B39F7B70070743A /* NetworkManager.swift in Sources */,
				18D004002B3A1C810070743A /* ForecastWheaterCell.swift in Sources */,
				18D003DC2B39F9A30070743A /* APIBuilder.swift in Sources */,
				18D003FA2B3A0D800070743A /* ModelNameCityCell.swift in Sources */,
				18D003952B39F5A20070743A /* SceneDelegate.swift in Sources */,
			);
			runOnlyForDeploymentPostprocessing = 0;
		};
		18D003A12B39F5A70070743A /* Sources */ = {
			isa = PBXSourcesBuildPhase;
			buildActionMask = 2147483647;
			files = (
				18D003AA2B39F5A70070743A /* SameWeatherTestTaskTests.swift in Sources */,
			);
			runOnlyForDeploymentPostprocessing = 0;
		};
		18D003AB2B39F5A70070743A /* Sources */ = {
			isa = PBXSourcesBuildPhase;
			buildActionMask = 2147483647;
			files = (
				18D003B62B39F5A70070743A /* SameWeatherTestTaskUITestsLaunchTests.swift in Sources */,
				18D003B42B39F5A70070743A /* SameWeatherTestTaskUITests.swift in Sources */,
			);
			runOnlyForDeploymentPostprocessing = 0;
		};
/* End PBXSourcesBuildPhase section */

/* Begin PBXTargetDependency section */
		18D003A72B39F5A70070743A /* PBXTargetDependency */ = {
			isa = PBXTargetDependency;
			target = 18D0038E2B39F5A20070743A /* SameWeatherTestTask */;
			targetProxy = 18D003A62B39F5A70070743A /* PBXContainerItemProxy */;
		};
		18D003B12B39F5A70070743A /* PBXTargetDependency */ = {
			isa = PBXTargetDependency;
			target = 18D0038E2B39F5A20070743A /* SameWeatherTestTask */;
			targetProxy = 18D003B02B39F5A70070743A /* PBXContainerItemProxy */;
		};
/* End PBXTargetDependency section */

/* Begin PBXVariantGroup section */
		18D0039D2B39F5A60070743A /* LaunchScreen.storyboard */ = {
			isa = PBXVariantGroup;
			children = (
				18D0039E2B39F5A60070743A /* Base */,
			);
			name = LaunchScreen.storyboard;
			sourceTree = "<group>";
		};
/* End PBXVariantGroup section */

/* Begin XCBuildConfiguration section */
		18D003B72B39F5A70070743A /* Debug */ = {
			isa = XCBuildConfiguration;
			buildSettings = {
				ALWAYS_SEARCH_USER_PATHS = NO;
				CLANG_ANALYZER_NONNULL = YES;
				CLANG_ANALYZER_NUMBER_OBJECT_CONVERSION = YES_AGGRESSIVE;
				CLANG_CXX_LANGUAGE_STANDARD = "gnu++20";
				CLANG_ENABLE_MODULES = YES;
				CLANG_ENABLE_OBJC_ARC = YES;
				CLANG_ENABLE_OBJC_WEAK = YES;
				CLANG_WARN_BLOCK_CAPTURE_AUTORELEASING = YES;
				CLANG_WARN_BOOL_CONVERSION = YES;
				CLANG_WARN_COMMA = YES;
				CLANG_WARN_CONSTANT_CONVERSION = YES;
				CLANG_WARN_DEPRECATED_OBJC_IMPLEMENTATIONS = YES;
				CLANG_WARN_DIRECT_OBJC_ISA_USAGE = YES_ERROR;
				CLANG_WARN_DOCUMENTATION_COMMENTS = YES;
				CLANG_WARN_EMPTY_BODY = YES;
				CLANG_WARN_ENUM_CONVERSION = YES;
				CLANG_WARN_INFINITE_RECURSION = YES;
				CLANG_WARN_INT_CONVERSION = YES;
				CLANG_WARN_NON_LITERAL_NULL_CONVERSION = YES;
				CLANG_WARN_OBJC_IMPLICIT_RETAIN_SELF = YES;
				CLANG_WARN_OBJC_LITERAL_CONVERSION = YES;
				CLANG_WARN_OBJC_ROOT_CLASS = YES_ERROR;
				CLANG_WARN_QUOTED_INCLUDE_IN_FRAMEWORK_HEADER = YES;
				CLANG_WARN_RANGE_LOOP_ANALYSIS = YES;
				CLANG_WARN_STRICT_PROTOTYPES = YES;
				CLANG_WARN_SUSPICIOUS_MOVE = YES;
				CLANG_WARN_UNGUARDED_AVAILABILITY = YES_AGGRESSIVE;
				CLANG_WARN_UNREACHABLE_CODE = YES;
				CLANG_WARN__DUPLICATE_METHOD_MATCH = YES;
				COPY_PHASE_STRIP = NO;
				DEBUG_INFORMATION_FORMAT = dwarf;
				ENABLE_STRICT_OBJC_MSGSEND = YES;
				ENABLE_TESTABILITY = YES;
				GCC_C_LANGUAGE_STANDARD = gnu11;
				GCC_DYNAMIC_NO_PIC = NO;
				GCC_NO_COMMON_BLOCKS = YES;
				GCC_OPTIMIZATION_LEVEL = 0;
				GCC_PREPROCESSOR_DEFINITIONS = (
					"DEBUG=1",
					"$(inherited)",
				);
				GCC_WARN_64_TO_32_BIT_CONVERSION = YES;
				GCC_WARN_ABOUT_RETURN_TYPE = YES_ERROR;
				GCC_WARN_UNDECLARED_SELECTOR = YES;
				GCC_WARN_UNINITIALIZED_AUTOS = YES_AGGRESSIVE;
				GCC_WARN_UNUSED_FUNCTION = YES;
				GCC_WARN_UNUSED_VARIABLE = YES;
				IPHONEOS_DEPLOYMENT_TARGET = 16.2;
				MTL_ENABLE_DEBUG_INFO = INCLUDE_SOURCE;
				MTL_FAST_MATH = YES;
				ONLY_ACTIVE_ARCH = YES;
				SDKROOT = iphoneos;
				SWIFT_ACTIVE_COMPILATION_CONDITIONS = DEBUG;
				SWIFT_OPTIMIZATION_LEVEL = "-Onone";
			};
			name = Debug;
		};
		18D003B82B39F5A70070743A /* Release */ = {
			isa = XCBuildConfiguration;
			buildSettings = {
				ALWAYS_SEARCH_USER_PATHS = NO;
				CLANG_ANALYZER_NONNULL = YES;
				CLANG_ANALYZER_NUMBER_OBJECT_CONVERSION = YES_AGGRESSIVE;
				CLANG_CXX_LANGUAGE_STANDARD = "gnu++20";
				CLANG_ENABLE_MODULES = YES;
				CLANG_ENABLE_OBJC_ARC = YES;
				CLANG_ENABLE_OBJC_WEAK = YES;
				CLANG_WARN_BLOCK_CAPTURE_AUTORELEASING = YES;
				CLANG_WARN_BOOL_CONVERSION = YES;
				CLANG_WARN_COMMA = YES;
				CLANG_WARN_CONSTANT_CONVERSION = YES;
				CLANG_WARN_DEPRECATED_OBJC_IMPLEMENTATIONS = YES;
				CLANG_WARN_DIRECT_OBJC_ISA_USAGE = YES_ERROR;
				CLANG_WARN_DOCUMENTATION_COMMENTS = YES;
				CLANG_WARN_EMPTY_BODY = YES;
				CLANG_WARN_ENUM_CONVERSION = YES;
				CLANG_WARN_INFINITE_RECURSION = YES;
				CLANG_WARN_INT_CONVERSION = YES;
				CLANG_WARN_NON_LITERAL_NULL_CONVERSION = YES;
				CLANG_WARN_OBJC_IMPLICIT_RETAIN_SELF = YES;
				CLANG_WARN_OBJC_LITERAL_CONVERSION = YES;
				CLANG_WARN_OBJC_ROOT_CLASS = YES_ERROR;
				CLANG_WARN_QUOTED_INCLUDE_IN_FRAMEWORK_HEADER = YES;
				CLANG_WARN_RANGE_LOOP_ANALYSIS = YES;
				CLANG_WARN_STRICT_PROTOTYPES = YES;
				CLANG_WARN_SUSPICIOUS_MOVE = YES;
				CLANG_WARN_UNGUARDED_AVAILABILITY = YES_AGGRESSIVE;
				CLANG_WARN_UNREACHABLE_CODE = YES;
				CLANG_WARN__DUPLICATE_METHOD_MATCH = YES;
				COPY_PHASE_STRIP = NO;
				DEBUG_INFORMATION_FORMAT = "dwarf-with-dsym";
				ENABLE_NS_ASSERTIONS = NO;
				ENABLE_STRICT_OBJC_MSGSEND = YES;
				GCC_C_LANGUAGE_STANDARD = gnu11;
				GCC_NO_COMMON_BLOCKS = YES;
				GCC_WARN_64_TO_32_BIT_CONVERSION = YES;
				GCC_WARN_ABOUT_RETURN_TYPE = YES_ERROR;
				GCC_WARN_UNDECLARED_SELECTOR = YES;
				GCC_WARN_UNINITIALIZED_AUTOS = YES_AGGRESSIVE;
				GCC_WARN_UNUSED_FUNCTION = YES;
				GCC_WARN_UNUSED_VARIABLE = YES;
				IPHONEOS_DEPLOYMENT_TARGET = 16.2;
				MTL_ENABLE_DEBUG_INFO = NO;
				MTL_FAST_MATH = YES;
				SDKROOT = iphoneos;
				SWIFT_COMPILATION_MODE = wholemodule;
				SWIFT_OPTIMIZATION_LEVEL = "-O";
				VALIDATE_PRODUCT = YES;
			};
			name = Release;
		};
		18D003BA2B39F5A70070743A /* Debug */ = {
			isa = XCBuildConfiguration;
			baseConfigurationReference = 66CBCCCD9DEFCFF0B12073DF /* Pods-SameWeatherTestTask.debug.xcconfig */;
			buildSettings = {
				ASSETCATALOG_COMPILER_APPICON_NAME = AppIcon;
				ASSETCATALOG_COMPILER_GLOBAL_ACCENT_COLOR_NAME = AccentColor;
				CODE_SIGN_STYLE = Automatic;
				CURRENT_PROJECT_VERSION = 1;
				DEVELOPMENT_TEAM = WF9NXXAU88;
				GENERATE_INFOPLIST_FILE = YES;
				INFOPLIST_FILE = SameWeatherTestTask/Info.plist;
				INFOPLIST_KEY_NSLocationWhenInUseUsageDescription = "Please allow location access to useour app!";
				INFOPLIST_KEY_UIApplicationSupportsIndirectInputEvents = YES;
				INFOPLIST_KEY_UILaunchStoryboardName = LaunchScreen;
				INFOPLIST_KEY_UIMainStoryboardFile = "";
				INFOPLIST_KEY_UISupportedInterfaceOrientations_iPad = "UIInterfaceOrientationPortrait UIInterfaceOrientationPortraitUpsideDown UIInterfaceOrientationLandscapeLeft UIInterfaceOrientationLandscapeRight";
				INFOPLIST_KEY_UISupportedInterfaceOrientations_iPhone = "UIInterfaceOrientationPortrait UIInterfaceOrientationLandscapeLeft UIInterfaceOrientationLandscapeRight";
				LD_RUNPATH_SEARCH_PATHS = (
					"$(inherited)",
					"@executable_path/Frameworks",
				);
				MARKETING_VERSION = 1.0;
				PRODUCT_BUNDLE_IDENTIFIER = totSamiiAnatolii.SameWeatherTestTask;
				PRODUCT_NAME = "$(TARGET_NAME)";
				SWIFT_EMIT_LOC_STRINGS = YES;
				SWIFT_VERSION = 5.0;
				TARGETED_DEVICE_FAMILY = "1,2";
			};
			name = Debug;
		};
		18D003BB2B39F5A70070743A /* Release */ = {
			isa = XCBuildConfiguration;
			baseConfigurationReference = 3E97F79E1E359F059D5B7382 /* Pods-SameWeatherTestTask.release.xcconfig */;
			buildSettings = {
				ASSETCATALOG_COMPILER_APPICON_NAME = AppIcon;
				ASSETCATALOG_COMPILER_GLOBAL_ACCENT_COLOR_NAME = AccentColor;
				CODE_SIGN_STYLE = Automatic;
				CURRENT_PROJECT_VERSION = 1;
				DEVELOPMENT_TEAM = WF9NXXAU88;
				GENERATE_INFOPLIST_FILE = YES;
				INFOPLIST_FILE = SameWeatherTestTask/Info.plist;
				INFOPLIST_KEY_NSLocationWhenInUseUsageDescription = "Please allow location access to useour app!";
				INFOPLIST_KEY_UIApplicationSupportsIndirectInputEvents = YES;
				INFOPLIST_KEY_UILaunchStoryboardName = LaunchScreen;
				INFOPLIST_KEY_UIMainStoryboardFile = "";
				INFOPLIST_KEY_UISupportedInterfaceOrientations_iPad = "UIInterfaceOrientationPortrait UIInterfaceOrientationPortraitUpsideDown UIInterfaceOrientationLandscapeLeft UIInterfaceOrientationLandscapeRight";
				INFOPLIST_KEY_UISupportedInterfaceOrientations_iPhone = "UIInterfaceOrientationPortrait UIInterfaceOrientationLandscapeLeft UIInterfaceOrientationLandscapeRight";
				LD_RUNPATH_SEARCH_PATHS = (
					"$(inherited)",
					"@executable_path/Frameworks",
				);
				MARKETING_VERSION = 1.0;
				PRODUCT_BUNDLE_IDENTIFIER = totSamiiAnatolii.SameWeatherTestTask;
				PRODUCT_NAME = "$(TARGET_NAME)";
				SWIFT_EMIT_LOC_STRINGS = YES;
				SWIFT_VERSION = 5.0;
				TARGETED_DEVICE_FAMILY = "1,2";
			};
			name = Release;
		};
		18D003BD2B39F5A70070743A /* Debug */ = {
			isa = XCBuildConfiguration;
			baseConfigurationReference = 2A8041E001DB3E73E58B86A0 /* Pods-SameWeatherTestTaskTests.debug.xcconfig */;
			buildSettings = {
				ALWAYS_EMBED_SWIFT_STANDARD_LIBRARIES = YES;
				BUNDLE_LOADER = "$(TEST_HOST)";
				CODE_SIGN_STYLE = Automatic;
				CURRENT_PROJECT_VERSION = 1;
				DEVELOPMENT_TEAM = WF9NXXAU88;
				GENERATE_INFOPLIST_FILE = YES;
				IPHONEOS_DEPLOYMENT_TARGET = 16.2;
				MARKETING_VERSION = 1.0;
				PRODUCT_BUNDLE_IDENTIFIER = totSamiiAnatolii.SameWeatherTestTaskTests;
				PRODUCT_NAME = "$(TARGET_NAME)";
				SWIFT_EMIT_LOC_STRINGS = NO;
				SWIFT_VERSION = 5.0;
				TARGETED_DEVICE_FAMILY = "1,2";
				TEST_HOST = "$(BUILT_PRODUCTS_DIR)/SameWeatherTestTask.app/$(BUNDLE_EXECUTABLE_FOLDER_PATH)/SameWeatherTestTask";
			};
			name = Debug;
		};
		18D003BE2B39F5A70070743A /* Release */ = {
			isa = XCBuildConfiguration;
			baseConfigurationReference = 600BAF63A908F3E4E2E7F1C4 /* Pods-SameWeatherTestTaskTests.release.xcconfig */;
			buildSettings = {
				ALWAYS_EMBED_SWIFT_STANDARD_LIBRARIES = YES;
				BUNDLE_LOADER = "$(TEST_HOST)";
				CODE_SIGN_STYLE = Automatic;
				CURRENT_PROJECT_VERSION = 1;
				DEVELOPMENT_TEAM = WF9NXXAU88;
				GENERATE_INFOPLIST_FILE = YES;
				IPHONEOS_DEPLOYMENT_TARGET = 16.2;
				MARKETING_VERSION = 1.0;
				PRODUCT_BUNDLE_IDENTIFIER = totSamiiAnatolii.SameWeatherTestTaskTests;
				PRODUCT_NAME = "$(TARGET_NAME)";
				SWIFT_EMIT_LOC_STRINGS = NO;
				SWIFT_VERSION = 5.0;
				TARGETED_DEVICE_FAMILY = "1,2";
				TEST_HOST = "$(BUILT_PRODUCTS_DIR)/SameWeatherTestTask.app/$(BUNDLE_EXECUTABLE_FOLDER_PATH)/SameWeatherTestTask";
			};
			name = Release;
		};
		18D003C02B39F5A70070743A /* Debug */ = {
			isa = XCBuildConfiguration;
			baseConfigurationReference = 02BD53428D6300CB872D632B /* Pods-SameWeatherTestTask-SameWeatherTestTaskUITests.debug.xcconfig */;
			buildSettings = {
				ALWAYS_EMBED_SWIFT_STANDARD_LIBRARIES = YES;
				CODE_SIGN_STYLE = Automatic;
				CURRENT_PROJECT_VERSION = 1;
				DEVELOPMENT_TEAM = WF9NXXAU88;
				GENERATE_INFOPLIST_FILE = YES;
				MARKETING_VERSION = 1.0;
				PRODUCT_BUNDLE_IDENTIFIER = totSamiiAnatolii.SameWeatherTestTaskUITests;
				PRODUCT_NAME = "$(TARGET_NAME)";
				SWIFT_EMIT_LOC_STRINGS = NO;
				SWIFT_VERSION = 5.0;
				TARGETED_DEVICE_FAMILY = "1,2";
				TEST_TARGET_NAME = SameWeatherTestTask;
			};
			name = Debug;
		};
		18D003C12B39F5A70070743A /* Release */ = {
			isa = XCBuildConfiguration;
			baseConfigurationReference = D5B477DB3C302A6635133CB3 /* Pods-SameWeatherTestTask-SameWeatherTestTaskUITests.release.xcconfig */;
			buildSettings = {
				ALWAYS_EMBED_SWIFT_STANDARD_LIBRARIES = YES;
				CODE_SIGN_STYLE = Automatic;
				CURRENT_PROJECT_VERSION = 1;
				DEVELOPMENT_TEAM = WF9NXXAU88;
				GENERATE_INFOPLIST_FILE = YES;
				MARKETING_VERSION = 1.0;
				PRODUCT_BUNDLE_IDENTIFIER = totSamiiAnatolii.SameWeatherTestTaskUITests;
				PRODUCT_NAME = "$(TARGET_NAME)";
				SWIFT_EMIT_LOC_STRINGS = NO;
				SWIFT_VERSION = 5.0;
				TARGETED_DEVICE_FAMILY = "1,2";
				TEST_TARGET_NAME = SameWeatherTestTask;
			};
			name = Release;
		};
/* End XCBuildConfiguration section */

/* Begin XCConfigurationList section */
		18D0038A2B39F5A20070743A /* Build configuration list for PBXProject "SameWeatherTestTask" */ = {
			isa = XCConfigurationList;
			buildConfigurations = (
				18D003B72B39F5A70070743A /* Debug */,
				18D003B82B39F5A70070743A /* Release */,
			);
			defaultConfigurationIsVisible = 0;
			defaultConfigurationName = Release;
		};
		18D003B92B39F5A70070743A /* Build configuration list for PBXNativeTarget "SameWeatherTestTask" */ = {
			isa = XCConfigurationList;
			buildConfigurations = (
				18D003BA2B39F5A70070743A /* Debug */,
				18D003BB2B39F5A70070743A /* Release */,
			);
			defaultConfigurationIsVisible = 0;
			defaultConfigurationName = Release;
		};
		18D003BC2B39F5A70070743A /* Build configuration list for PBXNativeTarget "SameWeatherTestTaskTests" */ = {
			isa = XCConfigurationList;
			buildConfigurations = (
				18D003BD2B39F5A70070743A /* Debug */,
				18D003BE2B39F5A70070743A /* Release */,
			);
			defaultConfigurationIsVisible = 0;
			defaultConfigurationName = Release;
		};
		18D003BF2B39F5A70070743A /* Build configuration list for PBXNativeTarget "SameWeatherTestTaskUITests" */ = {
			isa = XCConfigurationList;
			buildConfigurations = (
				18D003C02B39F5A70070743A /* Debug */,
				18D003C12B39F5A70070743A /* Release */,
			);
			defaultConfigurationIsVisible = 0;
			defaultConfigurationName = Release;
		};
/* End XCConfigurationList section */
	};
	rootObject = 18D003872B39F5A20070743A /* Project object */;
}
